
Microsoft Visual Studio Solution File, Format Version 12.00
# Visual Studio 14
VisualStudioVersion = 14.0.24720.0
MinimumVisualStudioVersion = 10.0.40219.1
Project("{2150E333-8FDC-42A3-9474-1A3956D46DE8}") = ".nuget", ".nuget", "{DA5D5C92-2525-4DCA-9B77-6235D2E288D1}"
	ProjectSection(SolutionItems) = preProject
		.nuget\NuGet.Config = .nuget\NuGet.Config
		.nuget\NuGet.exe = .nuget\NuGet.exe
		.nuget\NuGet.targets = .nuget\NuGet.targets
	EndProjectSection
EndProject
Project("{FAE04EC0-301F-11D3-BF4B-00C04F79EFBC}") = "Memento.Tests", "Memento.Tests\Memento.Tests.csproj", "{80D7D3BB-D189-46FF-9E80-F53B5D15704C}"
EndProject
Project("{FAE04EC0-301F-11D3-BF4B-00C04F79EFBC}") = "Memento.DomainModel", "Memento.DomainModel\Memento.DomainModel.csproj", "{4CCB3552-1782-4CA3-806E-FE846CA2F6CF}"
EndProject
Project("{FAE04EC0-301F-11D3-BF4B-00C04F79EFBC}") = "Memento.Web", "Memento.Web\Memento.Web.csproj", "{1C82468E-77F8-44FA-BE30-DC56BE50B3CF}"
EndProject
Project("{FAE04EC0-301F-11D3-BF4B-00C04F79EFBC}") = "Memento.Core", "Memento.Core\Memento.Core.csproj", "{2F5FAA65-D83A-47D4-ABEA-F2693DAE25A3}"
EndProject
Project("{FAE04EC0-301F-11D3-BF4B-00C04F79EFBC}") = "Memento.Interfaces", "Memento.Interfaces\Memento.Interfaces.csproj", "{57E544CD-A620-4820-BBF4-DC8C27B4968E}"
EndProject
Project("{FAE04EC0-301F-11D3-BF4B-00C04F79EFBC}") = "Memento.DependecyInjection", "Memento.DependecyInjection\Memento.DependecyInjection.csproj", "{4714B8E5-0492-4ADA-8680-668DCCA7A79B}"
EndProject
Project("{FAE04EC0-301F-11D3-BF4B-00C04F79EFBC}") = "Memento.Common", "Memento.Common\Memento.Common.csproj", "{AF08785A-2A1B-47F8-8100-460B69DF26BE}"
EndProject
Global
	GlobalSection(SolutionConfigurationPlatforms) = preSolution
		Debug|Any CPU = Debug|Any CPU
		Release|Any CPU = Release|Any CPU
	EndGlobalSection
	GlobalSection(ProjectConfigurationPlatforms) = postSolution
		{80D7D3BB-D189-46FF-9E80-F53B5D15704C}.Debug|Any CPU.ActiveCfg = Debug|Any CPU
		{80D7D3BB-D189-46FF-9E80-F53B5D15704C}.Debug|Any CPU.Build.0 = Debug|Any CPU
		{80D7D3BB-D189-46FF-9E80-F53B5D15704C}.Release|Any CPU.ActiveCfg = Release|Any CPU
		{80D7D3BB-D189-46FF-9E80-F53B5D15704C}.Release|Any CPU.Build.0 = Release|Any CPU
		{4CCB3552-1782-4CA3-806E-FE846CA2F6CF}.Debug|Any CPU.ActiveCfg = Debug|Any CPU
		{4CCB3552-1782-4CA3-806E-FE846CA2F6CF}.Debug|Any CPU.Build.0 = Debug|Any CPU
		{4CCB3552-1782-4CA3-806E-FE846CA2F6CF}.Release|Any CPU.ActiveCfg = Release|Any CPU
		{4CCB3552-1782-4CA3-806E-FE846CA2F6CF}.Release|Any CPU.Build.0 = Release|Any CPU
		{1C82468E-77F8-44FA-BE30-DC56BE50B3CF}.Debug|Any CPU.ActiveCfg = Debug|Any CPU
		{1C82468E-77F8-44FA-BE30-DC56BE50B3CF}.Debug|Any CPU.Build.0 = Debug|Any CPU
		{1C82468E-77F8-44FA-BE30-DC56BE50B3CF}.Release|Any CPU.ActiveCfg = Release|Any CPU
		{1C82468E-77F8-44FA-BE30-DC56BE50B3CF}.Release|Any CPU.Build.0 = Release|Any CPU
		{2F5FAA65-D83A-47D4-ABEA-F2693DAE25A3}.Debug|Any CPU.ActiveCfg = Debug|Any CPU
		{2F5FAA65-D83A-47D4-ABEA-F2693DAE25A3}.Debug|Any CPU.Build.0 = Debug|Any CPU
		{2F5FAA65-D83A-47D4-ABEA-F2693DAE25A3}.Release|Any CPU.ActiveCfg = Release|Any CPU
		{2F5FAA65-D83A-47D4-ABEA-F2693DAE25A3}.Release|Any CPU.Build.0 = Release|Any CPU
		{57E544CD-A620-4820-BBF4-DC8C27B4968E}.Debug|Any CPU.ActiveCfg = Debug|Any CPU
		{57E544CD-A620-4820-BBF4-DC8C27B4968E}.Debug|Any CPU.Build.0 = Debug|Any CPU
		{57E544CD-A620-4820-BBF4-DC8C27B4968E}.Release|Any CPU.ActiveCfg = Release|Any CPU
		{57E544CD-A620-4820-BBF4-DC8C27B4968E}.Release|Any CPU.Build.0 = Release|Any CPU
		{4714B8E5-0492-4ADA-8680-668DCCA7A79B}.Debug|Any CPU.ActiveCfg = Debug|Any CPU
		{4714B8E5-0492-4ADA-8680-668DCCA7A79B}.Debug|Any CPU.Build.0 = Debug|Any CPU
		{4714B8E5-0492-4ADA-8680-668DCCA7A79B}.Release|Any CPU.ActiveCfg = Release|Any CPU
		{4714B8E5-0492-4ADA-8680-668DCCA7A79B}.Release|Any CPU.Build.0 = Release|Any CPU
		{AF08785A-2A1B-47F8-8100-460B69DF26BE}.Debug|Any CPU.ActiveCfg = Debug|Any CPU
		{AF08785A-2A1B-47F8-8100-460B69DF26BE}.Debug|Any CPU.Build.0 = Debug|Any CPU
		{AF08785A-2A1B-47F8-8100-460B69DF26BE}.Release|Any CPU.ActiveCfg = Release|Any CPU
		{AF08785A-2A1B-47F8-8100-460B69DF26BE}.Release|Any CPU.Build.0 = Release|Any CPU
	EndGlobalSection
	GlobalSection(SolutionProperties) = preSolution
		HideSolutionNode = FALSE
	EndGlobalSection
EndGlobal
